// !$*UTF8*$!
{
	archiveVersion = 1;
	classes = {
	};
	objectVersion = 56;
	objects = {

/* Begin PBXBuildFile section */
		600DFC1F2BE3BAB50016250C /* SwiftUIView.swift in Sources */ = {isa = PBXBuildFile; fileRef = 600DFC1E2BE3BAB50016250C /* SwiftUIView.swift */; };
		6067BEA32BF4EB3F00DFBE39 /* AlignModifier.swift in Sources */ = {isa = PBXBuildFile; fileRef = 6067BEA22BF4EB3F00DFBE39 /* AlignModifier.swift */; };
		6067BEA52BF4ED8E00DFBE39 /* GrilleView.swift in Sources */ = {isa = PBXBuildFile; fileRef = 6067BEA42BF4ED8E00DFBE39 /* GrilleView.swift */; };
		6067BEA72BF5046800DFBE39 /* CustomModalView.swift in Sources */ = {isa = PBXBuildFile; fileRef = 6067BEA62BF5046700DFBE39 /* CustomModalView.swift */; };
		6067BEA92BF7557500DFBE39 /* ImageSaver.swift in Sources */ = {isa = PBXBuildFile; fileRef = 6067BEA82BF7557500DFBE39 /* ImageSaver.swift */; };
		6067BEAB2BF758C500DFBE39 /* ImagePickerView.swift in Sources */ = {isa = PBXBuildFile; fileRef = 6067BEAA2BF758C500DFBE39 /* ImagePickerView.swift */; };
		60FFD6A82BDF9CD20026B002 /* PictureData.xcdatamodeld in Sources */ = {isa = PBXBuildFile; fileRef = 60FFD6A62BDF9CD20026B002 /* PictureData.xcdatamodeld */; };
		60FFD6AA2BDF9EDE0026B002 /* DataController.swift in Sources */ = {isa = PBXBuildFile; fileRef = 60FFD6A92BDF9EDE0026B002 /* DataController.swift */; };
		60FFD6AC2BDF9F810026B002 /* CameraView.swift in Sources */ = {isa = PBXBuildFile; fileRef = 60FFD6AB2BDF9F810026B002 /* CameraView.swift */; };
		60FFD6AE2BDFA0530026B002 /* Extension.swift in Sources */ = {isa = PBXBuildFile; fileRef = 60FFD6AD2BDFA0530026B002 /* Extension.swift */; };
		60FFD6B02BDFAF6B0026B002 /* BobAppViewModel.swift in Sources */ = {isa = PBXBuildFile; fileRef = 60FFD6AF2BDFAF6B0026B002 /* BobAppViewModel.swift */; };
		7AF74ED72BCE71DC008695D6 /* BoBApp.swift in Sources */ = {isa = PBXBuildFile; fileRef = 7AF74ED62BCE71DC008695D6 /* BoBApp.swift */; };
		7AF74ED92BCE71DC008695D6 /* ContentView.swift in Sources */ = {isa = PBXBuildFile; fileRef = 7AF74ED82BCE71DC008695D6 /* ContentView.swift */; };
		7AF74EDB2BCE71DF008695D6 /* Assets.xcassets in Resources */ = {isa = PBXBuildFile; fileRef = 7AF74EDA2BCE71DF008695D6 /* Assets.xcassets */; };
		7AF74EDF2BCE71DF008695D6 /* Preview Assets.xcassets in Resources */ = {isa = PBXBuildFile; fileRef = 7AF74EDE2BCE71DF008695D6 /* Preview Assets.xcassets */; };
/* End PBXBuildFile section */

/* Begin PBXFileReference section */
		600DFC1E2BE3BAB50016250C /* SwiftUIView.swift */ = {isa = PBXFileReference; lastKnownFileType = sourcecode.swift; path = SwiftUIView.swift; sourceTree = "<group>"; };
		6067BEA22BF4EB3F00DFBE39 /* AlignModifier.swift */ = {isa = PBXFileReference; lastKnownFileType = sourcecode.swift; path = AlignModifier.swift; sourceTree = "<group>"; };
		6067BEA42BF4ED8E00DFBE39 /* GrilleView.swift */ = {isa = PBXFileReference; lastKnownFileType = sourcecode.swift; path = GrilleView.swift; sourceTree = "<group>"; };
		6067BEA62BF5046700DFBE39 /* CustomModalView.swift */ = {isa = PBXFileReference; lastKnownFileType = sourcecode.swift; path = CustomModalView.swift; sourceTree = "<group>"; };
		6067BEA82BF7557500DFBE39 /* ImageSaver.swift */ = {isa = PBXFileReference; lastKnownFileType = sourcecode.swift; name = ImageSaver.swift; path = BoB/ImageSaver.swift; sourceTree = "<group>"; };
		6067BEAA2BF758C500DFBE39 /* ImagePickerView.swift */ = {isa = PBXFileReference; lastKnownFileType = sourcecode.swift; name = ImagePickerView.swift; path = BoB/ImagePickerView.swift; sourceTree = "<group>"; };
		60FFD6A72BDF9CD20026B002 /* History.xcdatamodel */ = {isa = PBXFileReference; lastKnownFileType = wrapper.xcdatamodel; path = History.xcdatamodel; sourceTree = "<group>"; };
		60FFD6A92BDF9EDE0026B002 /* DataController.swift */ = {isa = PBXFileReference; lastKnownFileType = sourcecode.swift; path = DataController.swift; sourceTree = "<group>"; };
		60FFD6AB2BDF9F810026B002 /* CameraView.swift */ = {isa = PBXFileReference; lastKnownFileType = sourcecode.swift; path = CameraView.swift; sourceTree = "<group>"; };
		60FFD6AD2BDFA0530026B002 /* Extension.swift */ = {isa = PBXFileReference; lastKnownFileType = sourcecode.swift; path = Extension.swift; sourceTree = "<group>"; };
		60FFD6AF2BDFAF6B0026B002 /* BobAppViewModel.swift */ = {isa = PBXFileReference; lastKnownFileType = sourcecode.swift; path = BobAppViewModel.swift; sourceTree = "<group>"; };
		60FFD6B22BDFB0840026B002 /* CoreData.framework */ = {isa = PBXFileReference; lastKnownFileType = wrapper.framework; name = CoreData.framework; path = Platforms/iPhoneOS.platform/Developer/SDKs/iPhoneOS17.4.sdk/System/Library/Frameworks/CoreData.framework; sourceTree = DEVELOPER_DIR; };
		7A6FE1E92BCE9CE200074FED /* Info.plist */ = {isa = PBXFileReference; lastKnownFileType = text.plist; path = Info.plist; sourceTree = "<group>"; };
		7AF74ED32BCE71DC008695D6 /* BoB.app */ = {isa = PBXFileReference; explicitFileType = wrapper.application; includeInIndex = 0; path = BoB.app; sourceTree = BUILT_PRODUCTS_DIR; };
		7AF74ED62BCE71DC008695D6 /* BoBApp.swift */ = {isa = PBXFileReference; lastKnownFileType = sourcecode.swift; path = BoBApp.swift; sourceTree = "<group>"; };
		7AF74ED82BCE71DC008695D6 /* ContentView.swift */ = {isa = PBXFileReference; lastKnownFileType = sourcecode.swift; path = ContentView.swift; sourceTree = "<group>"; };
		7AF74EDA2BCE71DF008695D6 /* Assets.xcassets */ = {isa = PBXFileReference; lastKnownFileType = folder.assetcatalog; path = Assets.xcassets; sourceTree = "<group>"; };
		7AF74EDC2BCE71DF008695D6 /* BoB.entitlements */ = {isa = PBXFileReference; lastKnownFileType = text.plist.entitlements; path = BoB.entitlements; sourceTree = "<group>"; };
		7AF74EDE2BCE71DF008695D6 /* Preview Assets.xcassets */ = {isa = PBXFileReference; lastKnownFileType = folder.assetcatalog; path = "Preview Assets.xcassets"; sourceTree = "<group>"; };
/* End PBXFileReference section */

/* Begin PBXFrameworksBuildPhase section */
		7AF74ED02BCE71DC008695D6 /* Frameworks */ = {
			isa = PBXFrameworksBuildPhase;
			buildActionMask = 2147483647;
			files = (
			);
			runOnlyForDeploymentPostprocessing = 0;
		};
/* End PBXFrameworksBuildPhase section */

/* Begin PBXGroup section */
		60FFD6B12BDFB0840026B002 /* Frameworks */ = {
			isa = PBXGroup;
			children = (
				60FFD6B22BDFB0840026B002 /* CoreData.framework */,
			);
			name = Frameworks;
			sourceTree = "<group>";
		};
		7AF74ECA2BCE71DC008695D6 = {
			isa = PBXGroup;
			children = (
				6067BEAA2BF758C500DFBE39 /* ImagePickerView.swift */,
				6067BEA82BF7557500DFBE39 /* ImageSaver.swift */,
				7AF74ED52BCE71DC008695D6 /* BoB */,
				7AF74ED42BCE71DC008695D6 /* Products */,
				60FFD6B12BDFB0840026B002 /* Frameworks */,
			);
			sourceTree = "<group>";
		};
		7AF74ED42BCE71DC008695D6 /* Products */ = {
			isa = PBXGroup;
			children = (
				7AF74ED32BCE71DC008695D6 /* BoB.app */,
			);
			name = Products;
			sourceTree = "<group>";
		};
		7AF74ED52BCE71DC008695D6 /* BoB */ = {
			isa = PBXGroup;
			children = (
				60FFD6A62BDF9CD20026B002 /* PictureData.xcdatamodeld */,
				7A6FE1E92BCE9CE200074FED /* Info.plist */,
				7AF74ED62BCE71DC008695D6 /* BoBApp.swift */,
				7AF74ED82BCE71DC008695D6 /* ContentView.swift */,
				6067BEA42BF4ED8E00DFBE39 /* GrilleView.swift */,
				6067BEA62BF5046700DFBE39 /* CustomModalView.swift */,
				6067BEA22BF4EB3F00DFBE39 /* AlignModifier.swift */,
				600DFC1E2BE3BAB50016250C /* SwiftUIView.swift */,
				60FFD6AF2BDFAF6B0026B002 /* BobAppViewModel.swift */,
				60FFD6AD2BDFA0530026B002 /* Extension.swift */,
				60FFD6A92BDF9EDE0026B002 /* DataController.swift */,
				7AF74EDA2BCE71DF008695D6 /* Assets.xcassets */,
				7AF74EDC2BCE71DF008695D6 /* BoB.entitlements */,
				7AF74EDD2BCE71DF008695D6 /* Preview Content */,
				60FFD6AB2BDF9F810026B002 /* CameraView.swift */,
			);
			path = BoB;
			sourceTree = "<group>";
		};
		7AF74EDD2BCE71DF008695D6 /* Preview Content */ = {
			isa = PBXGroup;
			children = (
				7AF74EDE2BCE71DF008695D6 /* Preview Assets.xcassets */,
			);
			path = "Preview Content";
			sourceTree = "<group>";
		};
/* End PBXGroup section */

/* Begin PBXNativeTarget section */
		7AF74ED22BCE71DC008695D6 /* BoB */ = {
			isa = PBXNativeTarget;
			buildConfigurationList = 7AF74EE22BCE71DF008695D6 /* Build configuration list for PBXNativeTarget "BoB" */;
			buildPhases = (
				7AF74ECF2BCE71DC008695D6 /* Sources */,
				7AF74ED02BCE71DC008695D6 /* Frameworks */,
				7AF74ED12BCE71DC008695D6 /* Resources */,
			);
			buildRules = (
			);
			dependencies = (
			);
			name = BoB;
			productName = BoB;
			productReference = 7AF74ED32BCE71DC008695D6 /* BoB.app */;
			productType = "com.apple.product-type.application";
		};
/* End PBXNativeTarget section */

/* Begin PBXProject section */
		7AF74ECB2BCE71DC008695D6 /* Project object */ = {
			isa = PBXProject;
			attributes = {
				BuildIndependentTargetsInParallel = 1;
				LastSwiftUpdateCheck = 1520;
				LastUpgradeCheck = 1530;
				TargetAttributes = {
					7AF74ED22BCE71DC008695D6 = {
						CreatedOnToolsVersion = 15.2;
					};
				};
			};
			buildConfigurationList = 7AF74ECE2BCE71DC008695D6 /* Build configuration list for PBXProject "BoB" */;
			compatibilityVersion = "Xcode 14.0";
			developmentRegion = en;
			hasScannedForEncodings = 0;
			knownRegions = (
				en,
				Base,
			);
			mainGroup = 7AF74ECA2BCE71DC008695D6;
			productRefGroup = 7AF74ED42BCE71DC008695D6 /* Products */;
			projectDirPath = "";
			projectRoot = "";
			targets = (
				7AF74ED22BCE71DC008695D6 /* BoB */,
			);
		};
/* End PBXProject section */

/* Begin PBXResourcesBuildPhase section */
		7AF74ED12BCE71DC008695D6 /* Resources */ = {
			isa = PBXResourcesBuildPhase;
			buildActionMask = 2147483647;
			files = (
				7AF74EDF2BCE71DF008695D6 /* Preview Assets.xcassets in Resources */,
				7AF74EDB2BCE71DF008695D6 /* Assets.xcassets in Resources */,
			);
			runOnlyForDeploymentPostprocessing = 0;
		};
/* End PBXResourcesBuildPhase section */

/* Begin PBXSourcesBuildPhase section */
		7AF74ECF2BCE71DC008695D6 /* Sources */ = {
			isa = PBXSourcesBuildPhase;
			buildActionMask = 2147483647;
			files = (
				7AF74ED92BCE71DC008695D6 /* ContentView.swift in Sources */,
				60FFD6AA2BDF9EDE0026B002 /* DataController.swift in Sources */,
				600DFC1F2BE3BAB50016250C /* SwiftUIView.swift in Sources */,
				60FFD6A82BDF9CD20026B002 /* PictureData.xcdatamodeld in Sources */,
				6067BEA72BF5046800DFBE39 /* CustomModalView.swift in Sources */,
				60FFD6AE2BDFA0530026B002 /* Extension.swift in Sources */,
				6067BEA52BF4ED8E00DFBE39 /* GrilleView.swift in Sources */,
				6067BEA92BF7557500DFBE39 /* ImageSaver.swift in Sources */,
				60FFD6AC2BDF9F810026B002 /* CameraView.swift in Sources */,
				6067BEAB2BF758C500DFBE39 /* ImagePickerView.swift in Sources */,
				60FFD6B02BDFAF6B0026B002 /* BobAppViewModel.swift in Sources */,
				7AF74ED72BCE71DC008695D6 /* BoBApp.swift in Sources */,
				6067BEA32BF4EB3F00DFBE39 /* AlignModifier.swift in Sources */,
			);
			runOnlyForDeploymentPostprocessing = 0;
		};
/* End PBXSourcesBuildPhase section */

/* Begin XCBuildConfiguration section */
		7AF74EE02BCE71DF008695D6 /* Debug */ = {
			isa = XCBuildConfiguration;
			buildSettings = {
				ALWAYS_SEARCH_USER_PATHS = NO;
				ASSETCATALOG_COMPILER_GENERATE_SWIFT_ASSET_SYMBOL_EXTENSIONS = YES;
				CLANG_ANALYZER_NONNULL = YES;
				CLANG_ANALYZER_NUMBER_OBJECT_CONVERSION = YES_AGGRESSIVE;
				CLANG_CXX_LANGUAGE_STANDARD = "gnu++20";
				CLANG_ENABLE_MODULES = YES;
				CLANG_ENABLE_OBJC_ARC = YES;
				CLANG_ENABLE_OBJC_WEAK = YES;
				CLANG_WARN_BLOCK_CAPTURE_AUTORELEASING = YES;
				CLANG_WARN_BOOL_CONVERSION = YES;
				CLANG_WARN_COMMA = YES;
				CLANG_WARN_CONSTANT_CONVERSION = YES;
				CLANG_WARN_DEPRECATED_OBJC_IMPLEMENTATIONS = YES;
				CLANG_WARN_DIRECT_OBJC_ISA_USAGE = YES_ERROR;
				CLANG_WARN_DOCUMENTATION_COMMENTS = YES;
				CLANG_WARN_EMPTY_BODY = YES;
				CLANG_WARN_ENUM_CONVERSION = YES;
				CLANG_WARN_INFINITE_RECURSION = YES;
				CLANG_WARN_INT_CONVERSION = YES;
				CLANG_WARN_NON_LITERAL_NULL_CONVERSION = YES;
				CLANG_WARN_OBJC_IMPLICIT_RETAIN_SELF = YES;
				CLANG_WARN_OBJC_LITERAL_CONVERSION = YES;
				CLANG_WARN_OBJC_ROOT_CLASS = YES_ERROR;
				CLANG_WARN_QUOTED_INCLUDE_IN_FRAMEWORK_HEADER = YES;
				CLANG_WARN_RANGE_LOOP_ANALYSIS = YES;
				CLANG_WARN_STRICT_PROTOTYPES = YES;
				CLANG_WARN_SUSPICIOUS_MOVE = YES;
				CLANG_WARN_UNGUARDED_AVAILABILITY = YES_AGGRESSIVE;
				CLANG_WARN_UNREACHABLE_CODE = YES;
				CLANG_WARN__DUPLICATE_METHOD_MATCH = YES;
				COPY_PHASE_STRIP = NO;
				DEAD_CODE_STRIPPING = YES;
				DEBUG_INFORMATION_FORMAT = dwarf;
				ENABLE_STRICT_OBJC_MSGSEND = YES;
				ENABLE_TESTABILITY = YES;
				ENABLE_USER_SCRIPT_SANDBOXING = YES;
				GCC_C_LANGUAGE_STANDARD = gnu17;
				GCC_DYNAMIC_NO_PIC = NO;
				GCC_NO_COMMON_BLOCKS = YES;
				GCC_OPTIMIZATION_LEVEL = 0;
				GCC_PREPROCESSOR_DEFINITIONS = (
					"DEBUG=1",
					"$(inherited)",
				);
				GCC_WARN_64_TO_32_BIT_CONVERSION = YES;
				GCC_WARN_ABOUT_RETURN_TYPE = YES_ERROR;
				GCC_WARN_UNDECLARED_SELECTOR = YES;
				GCC_WARN_UNINITIALIZED_AUTOS = YES_AGGRESSIVE;
				GCC_WARN_UNUSED_FUNCTION = YES;
				GCC_WARN_UNUSED_VARIABLE = YES;
				LOCALIZATION_PREFERS_STRING_CATALOGS = YES;
				MTL_ENABLE_DEBUG_INFO = INCLUDE_SOURCE;
				MTL_FAST_MATH = YES;
				ONLY_ACTIVE_ARCH = YES;
				SWIFT_ACTIVE_COMPILATION_CONDITIONS = "DEBUG $(inherited)";
				SWIFT_OPTIMIZATION_LEVEL = "-Onone";
			};
			name = Debug;
		};
		7AF74EE12BCE71DF008695D6 /* Release */ = {
			isa = XCBuildConfiguration;
			buildSettings = {
				ALWAYS_SEARCH_USER_PATHS = NO;
				ASSETCATALOG_COMPILER_GENERATE_SWIFT_ASSET_SYMBOL_EXTENSIONS = YES;
				CLANG_ANALYZER_NONNULL = YES;
				CLANG_ANALYZER_NUMBER_OBJECT_CONVERSION = YES_AGGRESSIVE;
				CLANG_CXX_LANGUAGE_STANDARD = "gnu++20";
				CLANG_ENABLE_MODULES = YES;
				CLANG_ENABLE_OBJC_ARC = YES;
				CLANG_ENABLE_OBJC_WEAK = YES;
				CLANG_WARN_BLOCK_CAPTURE_AUTORELEASING = YES;
				CLANG_WARN_BOOL_CONVERSION = YES;
				CLANG_WARN_COMMA = YES;
				CLANG_WARN_CONSTANT_CONVERSION = YES;
				CLANG_WARN_DEPRECATED_OBJC_IMPLEMENTATIONS = YES;
				CLANG_WARN_DIRECT_OBJC_ISA_USAGE = YES_ERROR;
				CLANG_WARN_DOCUMENTATION_COMMENTS = YES;
				CLANG_WARN_EMPTY_BODY = YES;
				CLANG_WARN_ENUM_CONVERSION = YES;
				CLANG_WARN_INFINITE_RECURSION = YES;
				CLANG_WARN_INT_CONVERSION = YES;
				CLANG_WARN_NON_LITERAL_NULL_CONVERSION = YES;
				CLANG_WARN_OBJC_IMPLICIT_RETAIN_SELF = YES;
				CLANG_WARN_OBJC_LITERAL_CONVERSION = YES;
				CLANG_WARN_OBJC_ROOT_CLASS = YES_ERROR;
				CLANG_WARN_QUOTED_INCLUDE_IN_FRAMEWORK_HEADER = YES;
				CLANG_WARN_RANGE_LOOP_ANALYSIS = YES;
				CLANG_WARN_STRICT_PROTOTYPES = YES;
				CLANG_WARN_SUSPICIOUS_MOVE = YES;
				CLANG_WARN_UNGUARDED_AVAILABILITY = YES_AGGRESSIVE;
				CLANG_WARN_UNREACHABLE_CODE = YES;
				CLANG_WARN__DUPLICATE_METHOD_MATCH = YES;
				COPY_PHASE_STRIP = NO;
				DEAD_CODE_STRIPPING = YES;
				DEBUG_INFORMATION_FORMAT = "dwarf-with-dsym";
				ENABLE_NS_ASSERTIONS = NO;
				ENABLE_STRICT_OBJC_MSGSEND = YES;
				ENABLE_USER_SCRIPT_SANDBOXING = YES;
				GCC_C_LANGUAGE_STANDARD = gnu17;
				GCC_NO_COMMON_BLOCKS = YES;
				GCC_WARN_64_TO_32_BIT_CONVERSION = YES;
				GCC_WARN_ABOUT_RETURN_TYPE = YES_ERROR;
				GCC_WARN_UNDECLARED_SELECTOR = YES;
				GCC_WARN_UNINITIALIZED_AUTOS = YES_AGGRESSIVE;
				GCC_WARN_UNUSED_FUNCTION = YES;
				GCC_WARN_UNUSED_VARIABLE = YES;
				LOCALIZATION_PREFERS_STRING_CATALOGS = YES;
				MTL_ENABLE_DEBUG_INFO = NO;
				MTL_FAST_MATH = YES;
				SWIFT_COMPILATION_MODE = wholemodule;
			};
			name = Release;
		};
		7AF74EE32BCE71DF008695D6 /* Debug */ = {
			isa = XCBuildConfiguration;
			buildSettings = {
				ASSETCATALOG_COMPILER_APPICON_NAME = AppIcon;
				ASSETCATALOG_COMPILER_GLOBAL_ACCENT_COLOR_NAME = AccentColor;
				CODE_SIGN_ENTITLEMENTS = BoB/BoB.entitlements;
				CODE_SIGN_STYLE = Automatic;
				CURRENT_PROJECT_VERSION = 1;
				DEAD_CODE_STRIPPING = YES;
				DEVELOPMENT_ASSET_PATHS = "\"BoB/Preview Content\"";
				DEVELOPMENT_TEAM = 96388BF5TL;
				ENABLE_HARDENED_RUNTIME = YES;
				ENABLE_PREVIEWS = YES;
				GENERATE_INFOPLIST_FILE = YES;
				INFOPLIST_FILE = BoB/Info.plist;
				INFOPLIST_KEY_NSCameraUsageDescription = "Cette application a besoin d'accéder à la caméra pour prendre des photos.";
				INFOPLIST_KEY_NSPhotoLibraryAddUsageDescription = "je veux dl les images laisse moi stp";
				"INFOPLIST_KEY_UIApplicationSceneManifest_Generation[sdk=iphoneos*]" = YES;
				"INFOPLIST_KEY_UIApplicationSceneManifest_Generation[sdk=iphonesimulator*]" = YES;
				"INFOPLIST_KEY_UIApplicationSupportsIndirectInputEvents[sdk=iphoneos*]" = YES;
				"INFOPLIST_KEY_UIApplicationSupportsIndirectInputEvents[sdk=iphonesimulator*]" = YES;
				"INFOPLIST_KEY_UILaunchScreen_Generation[sdk=iphoneos*]" = YES;
				"INFOPLIST_KEY_UILaunchScreen_Generation[sdk=iphonesimulator*]" = YES;
				"INFOPLIST_KEY_UIStatusBarStyle[sdk=iphoneos*]" = UIStatusBarStyleDefault;
				"INFOPLIST_KEY_UIStatusBarStyle[sdk=iphonesimulator*]" = UIStatusBarStyleDefault;
				INFOPLIST_KEY_UISupportedInterfaceOrientations = UIInterfaceOrientationPortrait;
				INFOPLIST_KEY_UISupportedInterfaceOrientations_iPad = "UIInterfaceOrientationLandscapeLeft UIInterfaceOrientationLandscapeRight UIInterfaceOrientationPortrait UIInterfaceOrientationPortraitUpsideDown";
				IPHONEOS_DEPLOYMENT_TARGET = 17.2;
				LD_RUNPATH_SEARCH_PATHS = "@executable_path/Frameworks";
				"LD_RUNPATH_SEARCH_PATHS[sdk=macosx*]" = "@executable_path/../Frameworks";
				MACOSX_DEPLOYMENT_TARGET = 14.0;
				MARKETING_VERSION = 1.0;
				PRODUCT_BUNDLE_IDENTIFIER = afreire.BoB;
				PRODUCT_NAME = "$(TARGET_NAME)";
				SDKROOT = auto;
				SUPPORTED_PLATFORMS = "iphoneos iphonesimulator";
				SUPPORTS_MACCATALYST = NO;
				SWIFT_EMIT_LOC_STRINGS = YES;
				SWIFT_VERSION = 5.0;
				TARGETED_DEVICE_FAMILY = 1;
			};
			name = Debug;
		};
		7AF74EE42BCE71DF008695D6 /* Release */ = {
			isa = XCBuildConfiguration;
			buildSettings = {
				ASSETCATALOG_COMPILER_APPICON_NAME = AppIcon;
				ASSETCATALOG_COMPILER_GLOBAL_ACCENT_COLOR_NAME = AccentColor;
				CODE_SIGN_ENTITLEMENTS = BoB/BoB.entitlements;
				CODE_SIGN_STYLE = Automatic;
				CURRENT_PROJECT_VERSION = 1;
				DEAD_CODE_STRIPPING = YES;
				DEVELOPMENT_ASSET_PATHS = "\"BoB/Preview Content\"";
				DEVELOPMENT_TEAM = 96388BF5TL;
				ENABLE_HARDENED_RUNTIME = YES;
				ENABLE_PREVIEWS = YES;
				GENERATE_INFOPLIST_FILE = YES;
				INFOPLIST_FILE = BoB/Info.plist;
				INFOPLIST_KEY_NSCameraUsageDescription = "Cette application a besoin d'accéder à la caméra pour prendre des photos.";
				INFOPLIST_KEY_NSPhotoLibraryAddUsageDescription = "je veux dl les images laisse moi stp";
				"INFOPLIST_KEY_UIApplicationSceneManifest_Generation[sdk=iphoneos*]" = YES;
				"INFOPLIST_KEY_UIApplicationSceneManifest_Generation[sdk=iphonesimulator*]" = YES;
				"INFOPLIST_KEY_UIApplicationSupportsIndirectInputEvents[sdk=iphoneos*]" = YES;
				"INFOPLIST_KEY_UIApplicationSupportsIndirectInputEvents[sdk=iphonesimulator*]" = YES;
				"INFOPLIST_KEY_UILaunchScreen_Generation[sdk=iphoneos*]" = YES;
				"INFOPLIST_KEY_UILaunchScreen_Generation[sdk=iphonesimulator*]" = YES;
				"INFOPLIST_KEY_UIStatusBarStyle[sdk=iphoneos*]" = UIStatusBarStyleDefault;
				"INFOPLIST_KEY_UIStatusBarStyle[sdk=iphonesimulator*]" = UIStatusBarStyleDefault;
				INFOPLIST_KEY_UISupportedInterfaceOrientations = UIInterfaceOrientationPortrait;
				INFOPLIST_KEY_UISupportedInterfaceOrientations_iPad = "UIInterfaceOrientationLandscapeLeft UIInterfaceOrientationLandscapeRight UIInterfaceOrientationPortrait UIInterfaceOrientationPortraitUpsideDown";
				IPHONEOS_DEPLOYMENT_TARGET = 17.2;
				LD_RUNPATH_SEARCH_PATHS = "@executable_path/Frameworks";
				"LD_RUNPATH_SEARCH_PATHS[sdk=macosx*]" = "@executable_path/../Frameworks";
				MACOSX_DEPLOYMENT_TARGET = 14.0;
				MARKETING_VERSION = 1.0;
				PRODUCT_BUNDLE_IDENTIFIER = afreire.BoB;
				PRODUCT_NAME = "$(TARGET_NAME)";
				SDKROOT = auto;
				SUPPORTED_PLATFORMS = "iphoneos iphonesimulator";
				SUPPORTS_MACCATALYST = NO;
				SWIFT_EMIT_LOC_STRINGS = YES;
				SWIFT_VERSION = 5.0;
				TARGETED_DEVICE_FAMILY = 1;
			};
			name = Release;
		};
/* End XCBuildConfiguration section */

/* Begin XCConfigurationList section */
		7AF74ECE2BCE71DC008695D6 /* Build configuration list for PBXProject "BoB" */ = {
			isa = XCConfigurationList;
			buildConfigurations = (
				7AF74EE02BCE71DF008695D6 /* Debug */,
				7AF74EE12BCE71DF008695D6 /* Release */,
			);
			defaultConfigurationIsVisible = 0;
			defaultConfigurationName = Release;
		};
		7AF74EE22BCE71DF008695D6 /* Build configuration list for PBXNativeTarget "BoB" */ = {
			isa = XCConfigurationList;
			buildConfigurations = (
				7AF74EE32BCE71DF008695D6 /* Debug */,
				7AF74EE42BCE71DF008695D6 /* Release */,
			);
			defaultConfigurationIsVisible = 0;
			defaultConfigurationName = Release;
		};
/* End XCConfigurationList section */

/* Begin XCVersionGroup section */
		60FFD6A62BDF9CD20026B002 /* PictureData.xcdatamodeld */ = {
			isa = XCVersionGroup;
			children = (
				60FFD6A72BDF9CD20026B002 /* History.xcdatamodel */,
			);
			currentVersion = 60FFD6A72BDF9CD20026B002 /* History.xcdatamodel */;
			path = PictureData.xcdatamodeld;
			sourceTree = "<group>";
			versionGroupType = wrapper.xcdatamodel;
		};
/* End XCVersionGroup section */
	};
	rootObject = 7AF74ECB2BCE71DC008695D6 /* Project object */;
}
